// !$*UTF8*$!
{
	archiveVersion = 1;
	classes = {
	};
	objectVersion = 46;
	objects = {

/* Begin PBXBuildFile section */
		B21FBF99192183FC00C4F8A7 /* Foundation.framework in Frameworks */ = {isa = PBXBuildFile; fileRef = B21FBF98192183FC00C4F8A7 /* Foundation.framework */; };
		B21FBF9B192183FC00C4F8A7 /* CoreGraphics.framework in Frameworks */ = {isa = PBXBuildFile; fileRef = B21FBF9A192183FC00C4F8A7 /* CoreGraphics.framework */; };
		B21FBF9D192183FC00C4F8A7 /* UIKit.framework in Frameworks */ = {isa = PBXBuildFile; fileRef = B21FBF9C192183FC00C4F8A7 /* UIKit.framework */; };
		B21FBFA3192183FC00C4F8A7 /* InfoPlist.strings in Resources */ = {isa = PBXBuildFile; fileRef = B21FBFA1192183FC00C4F8A7 /* InfoPlist.strings */; };
		B21FBFA5192183FC00C4F8A7 /* main.m in Sources */ = {isa = PBXBuildFile; fileRef = B21FBFA4192183FC00C4F8A7 /* main.m */; };
		B21FBFA9192183FC00C4F8A7 /* PNAppDelegate.m in Sources */ = {isa = PBXBuildFile; fileRef = B21FBFA8192183FC00C4F8A7 /* PNAppDelegate.m */; };
		B21FBFAC192183FC00C4F8A7 /* Main.storyboard in Resources */ = {isa = PBXBuildFile; fileRef = B21FBFAA192183FC00C4F8A7 /* Main.storyboard */; };
		B21FBFAF192183FC00C4F8A7 /* PNNumberViewController.m in Sources */ = {isa = PBXBuildFile; fileRef = B21FBFAE192183FC00C4F8A7 /* PNNumberViewController.m */; };
		B21FBFB1192183FC00C4F8A7 /* Images.xcassets in Resources */ = {isa = PBXBuildFile; fileRef = B21FBFB0192183FC00C4F8A7 /* Images.xcassets */; };
		B21FBFD519218E4D00C4F8A7 /* PNExamplesViewController.m in Sources */ = {isa = PBXBuildFile; fileRef = B21FBFD419218E4D00C4F8A7 /* PNExamplesViewController.m */; };
		B21FBFDB1921A9D300C4F8A7 /* PNDefinitionViewController.m in Sources */ = {isa = PBXBuildFile; fileRef = B21FBFDA1921A9D300C4F8A7 /* PNDefinitionViewController.m */; };
		B24760EE194A79890096AE66 /* Bolts.framework in Frameworks */ = {isa = PBXBuildFile; fileRef = B24760ED194A79890096AE66 /* Bolts.framework */; };
		B25A76F61921CCCD00CBB4F0 /* PNPrimeHelper.m in Sources */ = {isa = PBXBuildFile; fileRef = B25A76F51921CCCD00CBB4F0 /* PNPrimeHelper.m */; };
		B2C422EE193815AD00013D4E /* README in Resources */ = {isa = PBXBuildFile; fileRef = B2C422ED193815AD00013D4E /* README */; };
		B2E0D9491921DB130024A6FF /* PNShareActionSheetHelper.m in Sources */ = {isa = PBXBuildFile; fileRef = B2E0D9481921DB130024A6FF /* PNShareActionSheetHelper.m */; };
/* End PBXBuildFile section */

/* Begin PBXFileReference section */
		B21FBF95192183FC00C4F8A7 /* PrimeNumbersSampleApp.app */ = {isa = PBXFileReference; explicitFileType = wrapper.application; includeInIndex = 0; path = PrimeNumbersSampleApp.app; sourceTree = BUILT_PRODUCTS_DIR; };
		B21FBF98192183FC00C4F8A7 /* Foundation.framework */ = {isa = PBXFileReference; lastKnownFileType = wrapper.framework; name = Foundation.framework; path = System/Library/Frameworks/Foundation.framework; sourceTree = SDKROOT; };
		B21FBF9A192183FC00C4F8A7 /* CoreGraphics.framework */ = {isa = PBXFileReference; lastKnownFileType = wrapper.framework; name = CoreGraphics.framework; path = System/Library/Frameworks/CoreGraphics.framework; sourceTree = SDKROOT; };
		B21FBF9C192183FC00C4F8A7 /* UIKit.framework */ = {isa = PBXFileReference; lastKnownFileType = wrapper.framework; name = UIKit.framework; path = System/Library/Frameworks/UIKit.framework; sourceTree = SDKROOT; };
		B21FBFA0192183FC00C4F8A7 /* PrimeNumbersSampleApp-Info.plist */ = {isa = PBXFileReference; lastKnownFileType = text.plist.xml; path = "PrimeNumbersSampleApp-Info.plist"; sourceTree = "<group>"; };
		B21FBFA2192183FC00C4F8A7 /* en */ = {isa = PBXFileReference; lastKnownFileType = text.plist.strings; name = en; path = en.lproj/InfoPlist.strings; sourceTree = "<group>"; };
		B21FBFA4192183FC00C4F8A7 /* main.m */ = {isa = PBXFileReference; lastKnownFileType = sourcecode.c.objc; path = main.m; sourceTree = "<group>"; };
		B21FBFA6192183FC00C4F8A7 /* PrimeNumbersSampleApp-Prefix.pch */ = {isa = PBXFileReference; lastKnownFileType = sourcecode.c.h; path = "PrimeNumbersSampleApp-Prefix.pch"; sourceTree = "<group>"; };
		B21FBFA7192183FC00C4F8A7 /* PNAppDelegate.h */ = {isa = PBXFileReference; lastKnownFileType = sourcecode.c.h; path = PNAppDelegate.h; sourceTree = "<group>"; };
		B21FBFA8192183FC00C4F8A7 /* PNAppDelegate.m */ = {isa = PBXFileReference; lastKnownFileType = sourcecode.c.objc; path = PNAppDelegate.m; sourceTree = "<group>"; };
		B21FBFAB192183FC00C4F8A7 /* Base */ = {isa = PBXFileReference; lastKnownFileType = file.storyboard; name = Base; path = Base.lproj/Main.storyboard; sourceTree = "<group>"; };
		B21FBFAD192183FC00C4F8A7 /* PNNumberViewController.h */ = {isa = PBXFileReference; lastKnownFileType = sourcecode.c.h; path = PNNumberViewController.h; sourceTree = "<group>"; };
		B21FBFAE192183FC00C4F8A7 /* PNNumberViewController.m */ = {isa = PBXFileReference; lastKnownFileType = sourcecode.c.objc; path = PNNumberViewController.m; sourceTree = "<group>"; };
		B21FBFB0192183FC00C4F8A7 /* Images.xcassets */ = {isa = PBXFileReference; lastKnownFileType = folder.assetcatalog; path = Images.xcassets; sourceTree = "<group>"; };
		B21FBFB7192183FC00C4F8A7 /* XCTest.framework */ = {isa = PBXFileReference; lastKnownFileType = wrapper.framework; name = XCTest.framework; path = Library/Frameworks/XCTest.framework; sourceTree = DEVELOPER_DIR; };
		B21FBFD319218E4D00C4F8A7 /* PNExamplesViewController.h */ = {isa = PBXFileReference; fileEncoding = 4; lastKnownFileType = sourcecode.c.h; path = PNExamplesViewController.h; sourceTree = "<group>"; };
		B21FBFD419218E4D00C4F8A7 /* PNExamplesViewController.m */ = {isa = PBXFileReference; fileEncoding = 4; lastKnownFileType = sourcecode.c.objc; path = PNExamplesViewController.m; sourceTree = "<group>"; };
		B21FBFD91921A9D300C4F8A7 /* PNDefinitionViewController.h */ = {isa = PBXFileReference; fileEncoding = 4; lastKnownFileType = sourcecode.c.h; path = PNDefinitionViewController.h; sourceTree = "<group>"; };
		B21FBFDA1921A9D300C4F8A7 /* PNDefinitionViewController.m */ = {isa = PBXFileReference; fileEncoding = 4; lastKnownFileType = sourcecode.c.objc; path = PNDefinitionViewController.m; sourceTree = "<group>"; };
		B24760ED194A79890096AE66 /* Bolts.framework */ = {isa = PBXFileReference; lastKnownFileType = wrapper.framework; name = Bolts.framework; path = "../../Bolts-iOS/build/ios/Bolts.framework"; sourceTree = "<group>"; };
		B25A76F41921CCCD00CBB4F0 /* PNPrimeHelper.h */ = {isa = PBXFileReference; fileEncoding = 4; lastKnownFileType = sourcecode.c.h; path = PNPrimeHelper.h; sourceTree = "<group>"; };
		B25A76F51921CCCD00CBB4F0 /* PNPrimeHelper.m */ = {isa = PBXFileReference; fileEncoding = 4; lastKnownFileType = sourcecode.c.objc; path = PNPrimeHelper.m; sourceTree = "<group>"; };
		B2C422ED193815AD00013D4E /* README */ = {isa = PBXFileReference; fileEncoding = 4; lastKnownFileType = text; path = README; sourceTree = "<group>"; };
		B2E0D9471921DB130024A6FF /* PNShareActionSheetHelper.h */ = {isa = PBXFileReference; fileEncoding = 4; lastKnownFileType = sourcecode.c.h; path = PNShareActionSheetHelper.h; sourceTree = "<group>"; };
		B2E0D9481921DB130024A6FF /* PNShareActionSheetHelper.m */ = {isa = PBXFileReference; fileEncoding = 4; lastKnownFileType = sourcecode.c.objc; path = PNShareActionSheetHelper.m; sourceTree = "<group>"; };
/* End PBXFileReference section */

/* Begin PBXFrameworksBuildPhase section */
		B21FBF92192183FC00C4F8A7 /* Frameworks */ = {
			isa = PBXFrameworksBuildPhase;
			buildActionMask = 2147483647;
			files = (
				B21FBF9B192183FC00C4F8A7 /* CoreGraphics.framework in Frameworks */,
				B21FBF9D192183FC00C4F8A7 /* UIKit.framework in Frameworks */,
				B21FBF99192183FC00C4F8A7 /* Foundation.framework in Frameworks */,
				B24760EE194A79890096AE66 /* Bolts.framework in Frameworks */,
			);
			runOnlyForDeploymentPostprocessing = 0;
		};
/* End PBXFrameworksBuildPhase section */

/* Begin PBXGroup section */
		B21FBF8C192183FC00C4F8A7 = {
			isa = PBXGroup;
			children = (
				B2C422ED193815AD00013D4E /* README */,
				B21FBF9E192183FC00C4F8A7 /* PrimeNumbersSampleApp */,
				B21FBF97192183FC00C4F8A7 /* Frameworks */,
				B21FBF96192183FC00C4F8A7 /* Products */,
			);
			sourceTree = "<group>";
		};
		B21FBF96192183FC00C4F8A7 /* Products */ = {
			isa = PBXGroup;
			children = (
				B21FBF95192183FC00C4F8A7 /* PrimeNumbersSampleApp.app */,
			);
			name = Products;
			sourceTree = "<group>";
		};
		B21FBF97192183FC00C4F8A7 /* Frameworks */ = {
			isa = PBXGroup;
			children = (
				B24760ED194A79890096AE66 /* Bolts.framework */,
				B21FBF98192183FC00C4F8A7 /* Foundation.framework */,
				B21FBF9A192183FC00C4F8A7 /* CoreGraphics.framework */,
				B21FBF9C192183FC00C4F8A7 /* UIKit.framework */,
				B21FBFB7192183FC00C4F8A7 /* XCTest.framework */,
			);
			name = Frameworks;
			sourceTree = "<group>";
		};
		B21FBF9E192183FC00C4F8A7 /* PrimeNumbersSampleApp */ = {
			isa = PBXGroup;
			children = (
				B21FBFAA192183FC00C4F8A7 /* Main.storyboard */,
				B21FBFA7192183FC00C4F8A7 /* PNAppDelegate.h */,
				B21FBFA8192183FC00C4F8A7 /* PNAppDelegate.m */,
				B21FBFD91921A9D300C4F8A7 /* PNDefinitionViewController.h */,
				B21FBFDA1921A9D300C4F8A7 /* PNDefinitionViewController.m */,
				B21FBFAD192183FC00C4F8A7 /* PNNumberViewController.h */,
				B21FBFAE192183FC00C4F8A7 /* PNNumberViewController.m */,
				B21FBFB0192183FC00C4F8A7 /* Images.xcassets */,
				B21FBFD319218E4D00C4F8A7 /* PNExamplesViewController.h */,
				B21FBFD419218E4D00C4F8A7 /* PNExamplesViewController.m */,
				B25A76F41921CCCD00CBB4F0 /* PNPrimeHelper.h */,
				B25A76F51921CCCD00CBB4F0 /* PNPrimeHelper.m */,
				B2E0D9471921DB130024A6FF /* PNShareActionSheetHelper.h */,
				B2E0D9481921DB130024A6FF /* PNShareActionSheetHelper.m */,
				B21FBF9F192183FC00C4F8A7 /* Supporting Files */,
			);
			path = PrimeNumbersSampleApp;
			sourceTree = "<group>";
		};
		B21FBF9F192183FC00C4F8A7 /* Supporting Files */ = {
			isa = PBXGroup;
			children = (
				B21FBFA0192183FC00C4F8A7 /* PrimeNumbersSampleApp-Info.plist */,
				B21FBFA1192183FC00C4F8A7 /* InfoPlist.strings */,
				B21FBFA4192183FC00C4F8A7 /* main.m */,
				B21FBFA6192183FC00C4F8A7 /* PrimeNumbersSampleApp-Prefix.pch */,
			);
			name = "Supporting Files";
			sourceTree = "<group>";
		};
/* End PBXGroup section */

/* Begin PBXNativeTarget section */
		B21FBF94192183FC00C4F8A7 /* PrimeNumbersSampleApp */ = {
			isa = PBXNativeTarget;
			buildConfigurationList = B21FBFC7192183FC00C4F8A7 /* Build configuration list for PBXNativeTarget "PrimeNumbersSampleApp" */;
			buildPhases = (
				B21FBF91192183FC00C4F8A7 /* Sources */,
				B21FBF92192183FC00C4F8A7 /* Frameworks */,
				B21FBF93192183FC00C4F8A7 /* Resources */,
			);
			buildRules = (
			);
			dependencies = (
			);
			name = PrimeNumbersSampleApp;
			productName = PrimeNumbers;
			productReference = B21FBF95192183FC00C4F8A7 /* PrimeNumbersSampleApp.app */;
			productType = "com.apple.product-type.application";
		};
/* End PBXNativeTarget section */

/* Begin PBXProject section */
		B21FBF8D192183FC00C4F8A7 /* Project object */ = {
			isa = PBXProject;
			attributes = {
				CLASSPREFIX = PN;
				LastUpgradeCheck = 0510;
				ORGANIZATIONNAME = applinks.org;
			};
			buildConfigurationList = B21FBF90192183FC00C4F8A7 /* Build configuration list for PBXProject "PrimeNumbersSampleApp" */;
			compatibilityVersion = "Xcode 3.2";
			developmentRegion = English;
			hasScannedForEncodings = 0;
			knownRegions = (
				en,
				Base,
			);
			mainGroup = B21FBF8C192183FC00C4F8A7;
			productRefGroup = B21FBF96192183FC00C4F8A7 /* Products */;
			projectDirPath = "";
			projectRoot = "";
			targets = (
				B21FBF94192183FC00C4F8A7 /* PrimeNumbersSampleApp */,
			);
		};
/* End PBXProject section */

/* Begin PBXResourcesBuildPhase section */
		B21FBF93192183FC00C4F8A7 /* Resources */ = {
			isa = PBXResourcesBuildPhase;
			buildActionMask = 2147483647;
			files = (
				B21FBFB1192183FC00C4F8A7 /* Images.xcassets in Resources */,
				B2C422EE193815AD00013D4E /* README in Resources */,
				B21FBFA3192183FC00C4F8A7 /* InfoPlist.strings in Resources */,
				B21FBFAC192183FC00C4F8A7 /* Main.storyboard in Resources */,
			);
			runOnlyForDeploymentPostprocessing = 0;
		};
/* End PBXResourcesBuildPhase section */

/* Begin PBXSourcesBuildPhase section */
		B21FBF91192183FC00C4F8A7 /* Sources */ = {
			isa = PBXSourcesBuildPhase;
			buildActionMask = 2147483647;
			files = (
				B21FBFA9192183FC00C4F8A7 /* PNAppDelegate.m in Sources */,
				B25A76F61921CCCD00CBB4F0 /* PNPrimeHelper.m in Sources */,
				B21FBFD519218E4D00C4F8A7 /* PNExamplesViewController.m in Sources */,
				B21FBFAF192183FC00C4F8A7 /* PNNumberViewController.m in Sources */,
				B21FBFDB1921A9D300C4F8A7 /* PNDefinitionViewController.m in Sources */,
				B2E0D9491921DB130024A6FF /* PNShareActionSheetHelper.m in Sources */,
				B21FBFA5192183FC00C4F8A7 /* main.m in Sources */,
			);
			runOnlyForDeploymentPostprocessing = 0;
		};
/* End PBXSourcesBuildPhase section */

/* Begin PBXVariantGroup section */
		B21FBFA1192183FC00C4F8A7 /* InfoPlist.strings */ = {
			isa = PBXVariantGroup;
			children = (
				B21FBFA2192183FC00C4F8A7 /* en */,
			);
			name = InfoPlist.strings;
			sourceTree = "<group>";
		};
		B21FBFAA192183FC00C4F8A7 /* Main.storyboard */ = {
			isa = PBXVariantGroup;
			children = (
				B21FBFAB192183FC00C4F8A7 /* Base */,
			);
			name = Main.storyboard;
			sourceTree = "<group>";
		};
/* End PBXVariantGroup section */

/* Begin XCBuildConfiguration section */
		B21FBFC5192183FC00C4F8A7 /* Debug */ = {
			isa = XCBuildConfiguration;
			buildSettings = {
				IPHONEOS_DEPLOYMENT_TARGET = 7.0;
				PRODUCT_NAME = PrimeNumbersSampleApp;
				SDKROOT = iphoneos;
			};
			name = Debug;
		};
		B21FBFC6192183FC00C4F8A7 /* Release */ = {
			isa = XCBuildConfiguration;
			buildSettings = {
				IPHONEOS_DEPLOYMENT_TARGET = 7.0;
				PRODUCT_NAME = PrimeNumbersSampleApp;
				SDKROOT = iphoneos;
			};
			name = Release;
		};
		B21FBFC8192183FC00C4F8A7 /* Debug */ = {
			isa = XCBuildConfiguration;
			buildSettings = {
				FRAMEWORK_SEARCH_PATHS = (
					"$(inherited)",
					"/Users/gen/Bolts-iOS/build/ios",
				);
				INFOPLIST_FILE = "$(SRCROOT)/PrimeNumbersSampleApp/PrimeNumbersSampleApp-Info.plist";
			};
			name = Debug;
		};
		B21FBFC9192183FC00C4F8A7 /* Release */ = {
			isa = XCBuildConfiguration;
			buildSettings = {
				FRAMEWORK_SEARCH_PATHS = (
					"$(inherited)",
					"/Users/gen/Bolts-iOS/build/ios",
				);
				INFOPLIST_FILE = "$(SRCROOT)/PrimeNumbersSampleApp/PrimeNumbersSampleApp-Info.plist";
			};
			name = Release;
		};
/* End XCBuildConfiguration section */

/* Begin XCConfigurationList section */
		B21FBF90192183FC00C4F8A7 /* Build configuration list for PBXProject "PrimeNumbersSampleApp" */ = {
			isa = XCConfigurationList;
			buildConfigurations = (
				B21FBFC5192183FC00C4F8A7 /* Debug */,
				B21FBFC6192183FC00C4F8A7 /* Release */,
			);
			defaultConfigurationIsVisible = 0;
			defaultConfigurationName = Release;
		};
		B21FBFC7192183FC00C4F8A7 /* Build configuration list for PBXNativeTarget "PrimeNumbersSampleApp" */ = {
			isa = XCConfigurationList;
			buildConfigurations = (
				B21FBFC8192183FC00C4F8A7 /* Debug */,
				B21FBFC9192183FC00C4F8A7 /* Release */,
			);
			defaultConfigurationIsVisible = 0;
			defaultConfigurationName = Release;
		};
/* End XCConfigurationList section */
	};
	rootObject = B21FBF8D192183FC00C4F8A7 /* Project object */;
}
